
Microsoft Visual Studio Solution File, Format Version 12.00
# Visual Studio Version 17
VisualStudioVersion = 17.2.32616.157
MinimumVisualStudioVersion = 10.0.40219.1
Project("{2150E333-8FDC-42A3-9474-1A3956D46DE8}") = "Solution Items", "Solution Items", "{49284D42-D8E5-45C7-9912-993350C4EFDC}"
	ProjectSection(SolutionItems) = preProject
		..\readme.md = ..\readme.md
	EndProjectSection
EndProject
Project("{2150E333-8FDC-42A3-9474-1A3956D46DE8}") = "2020", "2020", "{B7CCCB54-BF1C-4DFA-9B55-1AF52180612B}"
EndProject
Project("{2150E333-8FDC-42A3-9474-1A3956D46DE8}") = "2021", "2021", "{F3FE2B46-56FC-40AA-9B72-7E00261E091A}"
EndProject
Project("{2150E333-8FDC-42A3-9474-1A3956D46DE8}") = "2022", "2022", "{0B2D2C72-E33D-425A-B9E3-F5C034709CAD}"
EndProject
Project("{9A19103F-16F7-4668-BE54-9A1E7A4F7556}") = "Currency", "2020\Currency\Currency.csproj", "{D0325E26-11D8-4AFC-B356-ABDE594DABF7}"
EndProject
Project("{9A19103F-16F7-4668-BE54-9A1E7A4F7556}") = "LaboratoryWork1", "2020\LaboratoryWork1\LaboratoryWork1.csproj", "{B7D34B1C-9CAE-469D-93AD-2E27B48A9DB8}"
EndProject
Project("{9A19103F-16F7-4668-BE54-9A1E7A4F7556}") = "LaboratoryWork2", "2020\LaboratoryWork2\LaboratoryWork2.csproj", "{572193FD-4A46-4D8F-BD06-6466B79CD145}"
EndProject
Project("{9A19103F-16F7-4668-BE54-9A1E7A4F7556}") = "LaboratoryWork3", "2020\LaboratoryWork3\LaboratoryWork3.csproj", "{67AEB904-57AC-450F-895B-5E9FF03509E5}"
EndProject
Project("{9A19103F-16F7-4668-BE54-9A1E7A4F7556}") = "LaboratoryWorks.BarCode", "2021\BarCode\LaboratoryWorks.BarCode.csproj", "{FE79D8EE-5474-460A-B1E8-8B9EC3E71D96}"
EndProject
Project("{9A19103F-16F7-4668-BE54-9A1E7A4F7556}") = "LaboratoryWork1.1", "2021\LaboratoryWork1.1\LaboratoryWork1.1.csproj", "{64E69EE0-8010-41B3-91EE-C9938D5AA40E}"
EndProject
Project("{9A19103F-16F7-4668-BE54-9A1E7A4F7556}") = "LaboratoryWork2.1", "2021\LaboratoryWork2.1\LaboratoryWork2.1.csproj", "{1122A350-0F42-40D0-B7E6-B12328DF38B8}"
EndProject
Project("{9A19103F-16F7-4668-BE54-9A1E7A4F7556}") = "Product", "2022\Product\Product.csproj", "{551F2057-454C-48C0-A0F2-B9702180B63E}"
EndProject
Project("{9A19103F-16F7-4668-BE54-9A1E7A4F7556}") = "Terminal", "2022\Terminal\Terminal.csproj", "{3326E213-E429-4291-80F0-089AF4352CDD}"
EndProject
Project("{9A19103F-16F7-4668-BE54-9A1E7A4F7556}") = "Barcode", "2022\Barcode\Barcode.csproj", "{0EC39D91-DBE4-4088-9DCE-5AC929DCCA16}"
EndProject
Project("{FAE04EC0-301F-11D3-BF4B-00C04F79EFBC}") = "Showcase", "2022\Showcase\Showcase.csproj", "{8B40C27C-3F07-4513-9688-7BA27DAAC279}"
EndProject
Global
	GlobalSection(SolutionConfigurationPlatforms) = preSolution
		Debug|Any CPU = Debug|Any CPU
		Release|Any CPU = Release|Any CPU
	EndGlobalSection
	GlobalSection(ProjectConfigurationPlatforms) = postSolution
		{D0325E26-11D8-4AFC-B356-ABDE594DABF7}.Debug|Any CPU.ActiveCfg = Debug|Any CPU
		{D0325E26-11D8-4AFC-B356-ABDE594DABF7}.Debug|Any CPU.Build.0 = Debug|Any CPU
		{D0325E26-11D8-4AFC-B356-ABDE594DABF7}.Release|Any CPU.ActiveCfg = Release|Any CPU
		{D0325E26-11D8-4AFC-B356-ABDE594DABF7}.Release|Any CPU.Build.0 = Release|Any CPU
		{B7D34B1C-9CAE-469D-93AD-2E27B48A9DB8}.Debug|Any CPU.ActiveCfg = Debug|Any CPU
		{B7D34B1C-9CAE-469D-93AD-2E27B48A9DB8}.Debug|Any CPU.Build.0 = Debug|Any CPU
		{B7D34B1C-9CAE-469D-93AD-2E27B48A9DB8}.Release|Any CPU.ActiveCfg = Release|Any CPU
		{B7D34B1C-9CAE-469D-93AD-2E27B48A9DB8}.Release|Any CPU.Build.0 = Release|Any CPU
		{572193FD-4A46-4D8F-BD06-6466B79CD145}.Debug|Any CPU.ActiveCfg = Debug|Any CPU
		{572193FD-4A46-4D8F-BD06-6466B79CD145}.Debug|Any CPU.Build.0 = Debug|Any CPU
		{572193FD-4A46-4D8F-BD06-6466B79CD145}.Release|Any CPU.ActiveCfg = Release|Any CPU
		{572193FD-4A46-4D8F-BD06-6466B79CD145}.Release|Any CPU.Build.0 = Release|Any CPU
		{67AEB904-57AC-450F-895B-5E9FF03509E5}.Debug|Any CPU.ActiveCfg = Debug|Any CPU
		{67AEB904-57AC-450F-895B-5E9FF03509E5}.Debug|Any CPU.Build.0 = Debug|Any CPU
		{67AEB904-57AC-450F-895B-5E9FF03509E5}.Release|Any CPU.ActiveCfg = Release|Any CPU
		{67AEB904-57AC-450F-895B-5E9FF03509E5}.Release|Any CPU.Build.0 = Release|Any CPU
		{FE79D8EE-5474-460A-B1E8-8B9EC3E71D96}.Debug|Any CPU.ActiveCfg = Debug|Any CPU
		{FE79D8EE-5474-460A-B1E8-8B9EC3E71D96}.Debug|Any CPU.Build.0 = Debug|Any CPU
		{FE79D8EE-5474-460A-B1E8-8B9EC3E71D96}.Release|Any CPU.ActiveCfg = Release|Any CPU
		{FE79D8EE-5474-460A-B1E8-8B9EC3E71D96}.Release|Any CPU.Build.0 = Release|Any CPU
		{64E69EE0-8010-41B3-91EE-C9938D5AA40E}.Debug|Any CPU.ActiveCfg = Debug|Any CPU
		{64E69EE0-8010-41B3-91EE-C9938D5AA40E}.Debug|Any CPU.Build.0 = Debug|Any CPU
		{64E69EE0-8010-41B3-91EE-C9938D5AA40E}.Release|Any CPU.ActiveCfg = Release|Any CPU
		{64E69EE0-8010-41B3-91EE-C9938D5AA40E}.Release|Any CPU.Build.0 = Release|Any CPU
		{1122A350-0F42-40D0-B7E6-B12328DF38B8}.Debug|Any CPU.ActiveCfg = Debug|Any CPU
		{1122A350-0F42-40D0-B7E6-B12328DF38B8}.Debug|Any CPU.Build.0 = Debug|Any CPU
		{1122A350-0F42-40D0-B7E6-B12328DF38B8}.Release|Any CPU.ActiveCfg = Release|Any CPU
		{1122A350-0F42-40D0-B7E6-B12328DF38B8}.Release|Any CPU.Build.0 = Release|Any CPU
		{551F2057-454C-48C0-A0F2-B9702180B63E}.Debug|Any CPU.ActiveCfg = Debug|Any CPU
		{551F2057-454C-48C0-A0F2-B9702180B63E}.Debug|Any CPU.Build.0 = Debug|Any CPU
		{551F2057-454C-48C0-A0F2-B9702180B63E}.Release|Any CPU.ActiveCfg = Release|Any CPU
		{551F2057-454C-48C0-A0F2-B9702180B63E}.Release|Any CPU.Build.0 = Release|Any CPU
		{3326E213-E429-4291-80F0-089AF4352CDD}.Debug|Any CPU.ActiveCfg = Debug|Any CPU
		{3326E213-E429-4291-80F0-089AF4352CDD}.Debug|Any CPU.Build.0 = Debug|Any CPU
		{3326E213-E429-4291-80F0-089AF4352CDD}.Release|Any CPU.ActiveCfg = Release|Any CPU
		{3326E213-E429-4291-80F0-089AF4352CDD}.Release|Any CPU.Build.0 = Release|Any CPU
		{0EC39D91-DBE4-4088-9DCE-5AC929DCCA16}.Debug|Any CPU.ActiveCfg = Debug|Any CPU
		{0EC39D91-DBE4-4088-9DCE-5AC929DCCA16}.Debug|Any CPU.Build.0 = Debug|Any CPU
		{0EC39D91-DBE4-4088-9DCE-5AC929DCCA16}.Release|Any CPU.ActiveCfg = Release|Any CPU
		{0EC39D91-DBE4-4088-9DCE-5AC929DCCA16}.Release|Any CPU.Build.0 = Release|Any CPU
		{8B40C27C-3F07-4513-9688-7BA27DAAC279}.Debug|Any CPU.ActiveCfg = Debug|Any CPU
		{8B40C27C-3F07-4513-9688-7BA27DAAC279}.Debug|Any CPU.Build.0 = Debug|Any CPU
		{8B40C27C-3F07-4513-9688-7BA27DAAC279}.Release|Any CPU.ActiveCfg = Release|Any CPU
		{8B40C27C-3F07-4513-9688-7BA27DAAC279}.Release|Any CPU.Build.0 = Release|Any CPU
	EndGlobalSection
	GlobalSection(SolutionProperties) = preSolution
		HideSolutionNode = FALSE
	EndGlobalSection
	GlobalSection(NestedProjects) = preSolution
		{D0325E26-11D8-4AFC-B356-ABDE594DABF7} = {B7CCCB54-BF1C-4DFA-9B55-1AF52180612B}
		{B7D34B1C-9CAE-469D-93AD-2E27B48A9DB8} = {B7CCCB54-BF1C-4DFA-9B55-1AF52180612B}
		{572193FD-4A46-4D8F-BD06-6466B79CD145} = {B7CCCB54-BF1C-4DFA-9B55-1AF52180612B}
		{67AEB904-57AC-450F-895B-5E9FF03509E5} = {B7CCCB54-BF1C-4DFA-9B55-1AF52180612B}
		{FE79D8EE-5474-460A-B1E8-8B9EC3E71D96} = {F3FE2B46-56FC-40AA-9B72-7E00261E091A}
		{64E69EE0-8010-41B3-91EE-C9938D5AA40E} = {F3FE2B46-56FC-40AA-9B72-7E00261E091A}
		{1122A350-0F42-40D0-B7E6-B12328DF38B8} = {F3FE2B46-56FC-40AA-9B72-7E00261E091A}
		{551F2057-454C-48C0-A0F2-B9702180B63E} = {0B2D2C72-E33D-425A-B9E3-F5C034709CAD}
		{3326E213-E429-4291-80F0-089AF4352CDD} = {0B2D2C72-E33D-425A-B9E3-F5C034709CAD}
		{0EC39D91-DBE4-4088-9DCE-5AC929DCCA16} = {0B2D2C72-E33D-425A-B9E3-F5C034709CAD}
		{8B40C27C-3F07-4513-9688-7BA27DAAC279} = {0B2D2C72-E33D-425A-B9E3-F5C034709CAD}
	EndGlobalSection
	GlobalSection(ExtensibilityGlobals) = postSolution
		SolutionGuid = {0AF16F8C-4024-4AFE-847B-ED508509F49D}
	EndGlobalSection
EndGlobal
